// !$*UTF8*$!
{
	archiveVersion = 1;
	classes = {
	};
	objectVersion = 50;
	objects = {

/* Begin PBXBuildFile section */
		4D13DA25207B6F3000402079 /* AppDelegate.swift in Sources */ = {isa = PBXBuildFile; fileRef = 4D13DA24207B6F3000402079 /* AppDelegate.swift */; };
		4D13DA27207B6F3000402079 /* ViewController.swift in Sources */ = {isa = PBXBuildFile; fileRef = 4D13DA26207B6F3000402079 /* ViewController.swift */; };
		4D13DA2A207B6F3000402079 /* Main.storyboard in Resources */ = {isa = PBXBuildFile; fileRef = 4D13DA28207B6F3000402079 /* Main.storyboard */; };
		4D13DA2C207B6F3200402079 /* Assets.xcassets in Resources */ = {isa = PBXBuildFile; fileRef = 4D13DA2B207B6F3200402079 /* Assets.xcassets */; };
		4D13DA2F207B6F3200402079 /* LaunchScreen.storyboard in Resources */ = {isa = PBXBuildFile; fileRef = 4D13DA2D207B6F3200402079 /* LaunchScreen.storyboard */; };
		4D13DA37207B734800402079 /* Balham.otf in Resources */ = {isa = PBXBuildFile; fileRef = 4D13DA36207B734800402079 /* Balham.otf */; };
		4D13DA3D207B7B1400402079 /* Question.swift in Sources */ = {isa = PBXBuildFile; fileRef = 4D13DA3C207B7B1400402079 /* Question.swift */; };
		4D13DA3F207B94F500402079 /* Game.swift in Sources */ = {isa = PBXBuildFile; fileRef = 4D13DA3E207B94F500402079 /* Game.swift */; };
		4D13DA41207BAC6600402079 /* QuestionManager.swift in Sources */ = {isa = PBXBuildFile; fileRef = 4D13DA40207BAC6600402079 /* QuestionManager.swift */; };
		4DE4DE8C207CBED900CAFCF4 /* QuestionView.swift in Sources */ = {isa = PBXBuildFile; fileRef = 4DE4DE8B207CBED900CAFCF4 /* QuestionView.swift */; };
/* End PBXBuildFile section */

/* Begin PBXFileReference section */
		4D13DA21207B6F3000402079 /* OpenQuizz.app */ = {isa = PBXFileReference; explicitFileType = wrapper.application; includeInIndex = 0; path = OpenQuizz.app; sourceTree = BUILT_PRODUCTS_DIR; };
		4D13DA24207B6F3000402079 /* AppDelegate.swift */ = {isa = PBXFileReference; lastKnownFileType = sourcecode.swift; path = AppDelegate.swift; sourceTree = "<group>"; };
		4D13DA26207B6F3000402079 /* ViewController.swift */ = {isa = PBXFileReference; lastKnownFileType = sourcecode.swift; path = ViewController.swift; sourceTree = "<group>"; };
		4D13DA29207B6F3000402079 /* Base */ = {isa = PBXFileReference; lastKnownFileType = file.storyboard; name = Base; path = Base.lproj/Main.storyboard; sourceTree = "<group>"; };
		4D13DA2B207B6F3200402079 /* Assets.xcassets */ = {isa = PBXFileReference; lastKnownFileType = folder.assetcatalog; path = Assets.xcassets; sourceTree = "<group>"; };
		4D13DA2E207B6F3200402079 /* Base */ = {isa = PBXFileReference; lastKnownFileType = file.storyboard; name = Base; path = Base.lproj/LaunchScreen.storyboard; sourceTree = "<group>"; };
		4D13DA30207B6F3200402079 /* Info.plist */ = {isa = PBXFileReference; lastKnownFileType = text.plist.xml; path = Info.plist; sourceTree = "<group>"; };
		4D13DA36207B734800402079 /* Balham.otf */ = {isa = PBXFileReference; lastKnownFileType = file; path = Balham.otf; sourceTree = "<group>"; };
		4D13DA3C207B7B1400402079 /* Question.swift */ = {isa = PBXFileReference; lastKnownFileType = sourcecode.swift; path = Question.swift; sourceTree = "<group>"; };
		4D13DA3E207B94F500402079 /* Game.swift */ = {isa = PBXFileReference; lastKnownFileType = sourcecode.swift; path = Game.swift; sourceTree = "<group>"; };
		4D13DA40207BAC6600402079 /* QuestionManager.swift */ = {isa = PBXFileReference; fileEncoding = 4; lastKnownFileType = sourcecode.swift; path = QuestionManager.swift; sourceTree = "<group>"; };
		4DE4DE8B207CBED900CAFCF4 /* QuestionView.swift */ = {isa = PBXFileReference; lastKnownFileType = sourcecode.swift; path = QuestionView.swift; sourceTree = "<group>"; };
/* End PBXFileReference section */

/* Begin PBXFrameworksBuildPhase section */
		4D13DA1E207B6F3000402079 /* Frameworks */ = {
			isa = PBXFrameworksBuildPhase;
			buildActionMask = 2147483647;
			files = (
			);
			runOnlyForDeploymentPostprocessing = 0;
		};
/* End PBXFrameworksBuildPhase section */

/* Begin PBXGroup section */
		4D13DA18207B6F3000402079 = {
			isa = PBXGroup;
			children = (
				4D13DA23207B6F3000402079 /* OpenQuizz */,
				4D13DA22207B6F3000402079 /* Products */,
			);
			sourceTree = "<group>";
		};
		4D13DA22207B6F3000402079 /* Products */ = {
			isa = PBXGroup;
			children = (
				4D13DA21207B6F3000402079 /* OpenQuizz.app */,
			);
			name = Products;
			sourceTree = "<group>";
		};
		4D13DA23207B6F3000402079 /* OpenQuizz */ = {
			isa = PBXGroup;
			children = (
				4D13DA30207B6F3200402079 /* Info.plist */,
				4D13DA3B207B78D800402079 /* Supporting Files */,
				4D13DA38207B789D00402079 /* Model */,
				4D13DA39207B78A600402079 /* View */,
				4D13DA3A207B78B200402079 /* Controller */,
			);
			path = OpenQuizz;
			sourceTree = "<group>";
		};
		4D13DA38207B789D00402079 /* Model */ = {
			isa = PBXGroup;
			children = (
				4D13DA40207BAC6600402079 /* QuestionManager.swift */,
				4D13DA3C207B7B1400402079 /* Question.swift */,
				4D13DA3E207B94F500402079 /* Game.swift */,
			);
			path = Model;
			sourceTree = "<group>";
		};
		4D13DA39207B78A600402079 /* View */ = {
			isa = PBXGroup;
			children = (
				4D13DA28207B6F3000402079 /* Main.storyboard */,
				4DE4DE8B207CBED900CAFCF4 /* QuestionView.swift */,
			);
			path = View;
			sourceTree = "<group>";
		};
		4D13DA3A207B78B200402079 /* Controller */ = {
			isa = PBXGroup;
			children = (
				4D13DA26207B6F3000402079 /* ViewController.swift */,
			);
			path = Controller;
			sourceTree = "<group>";
		};
		4D13DA3B207B78D800402079 /* Supporting Files */ = {
			isa = PBXGroup;
			children = (
				4D13DA24207B6F3000402079 /* AppDelegate.swift */,
				4D13DA2B207B6F3200402079 /* Assets.xcassets */,
				4D13DA36207B734800402079 /* Balham.otf */,
				4D13DA2D207B6F3200402079 /* LaunchScreen.storyboard */,
			);
			path = "Supporting Files";
			sourceTree = "<group>";
		};
/* End PBXGroup section */

/* Begin PBXNativeTarget section */
		4D13DA20207B6F3000402079 /* OpenQuizz */ = {
			isa = PBXNativeTarget;
			buildConfigurationList = 4D13DA33207B6F3200402079 /* Build configuration list for PBXNativeTarget "OpenQuizz" */;
			buildPhases = (
				4D13DA1D207B6F3000402079 /* Sources */,
				4D13DA1E207B6F3000402079 /* Frameworks */,
				4D13DA1F207B6F3000402079 /* Resources */,
			);
			buildRules = (
			);
			dependencies = (
			);
			name = OpenQuizz;
			productName = OpenQuizz;
			productReference = 4D13DA21207B6F3000402079 /* OpenQuizz.app */;
			productType = "com.apple.product-type.application";
		};
/* End PBXNativeTarget section */

/* Begin PBXProject section */
		4D13DA19207B6F3000402079 /* Project object */ = {
			isa = PBXProject;
			attributes = {
				LastSwiftUpdateCheck = 0930;
				LastUpgradeCheck = 0930;
				ORGANIZATIONNAME = OpenClassrooms;
				TargetAttributes = {
					4D13DA20207B6F3000402079 = {
						CreatedOnToolsVersion = 9.3;
					};
				};
			};
			buildConfigurationList = 4D13DA1C207B6F3000402079 /* Build configuration list for PBXProject "OpenQuizz" */;
			compatibilityVersion = "Xcode 9.3";
			developmentRegion = en;
			hasScannedForEncodings = 0;
			knownRegions = (
				en,
				Base,
			);
			mainGroup = 4D13DA18207B6F3000402079;
			productRefGroup = 4D13DA22207B6F3000402079 /* Products */;
			projectDirPath = "";
			projectRoot = "";
			targets = (
				4D13DA20207B6F3000402079 /* OpenQuizz */,
			);
		};
/* End PBXProject section */

/* Begin PBXResourcesBuildPhase section */
		4D13DA1F207B6F3000402079 /* Resources */ = {
			isa = PBXResourcesBuildPhase;
			buildActionMask = 2147483647;
			files = (
				4D13DA2F207B6F3200402079 /* LaunchScreen.storyboard in Resources */,
				4D13DA2C207B6F3200402079 /* Assets.xcassets in Resources */,
				4D13DA37207B734800402079 /* Balham.otf in Resources */,
				4D13DA2A207B6F3000402079 /* Main.storyboard in Resources */,
			);
			runOnlyForDeploymentPostprocessing = 0;
		};
/* End PBXResourcesBuildPhase section */

/* Begin PBXSourcesBuildPhase section */
		4D13DA1D207B6F3000402079 /* Sources */ = {
			isa = PBXSourcesBuildPhase;
			buildActionMask = 2147483647;
			files = (
				4D13DA3D207B7B1400402079 /* Question.swift in Sources */,
				4D13DA27207B6F3000402079 /* ViewController.swift in Sources */,
				4D13DA25207B6F3000402079 /* AppDelegate.swift in Sources */,
				4D13DA41207BAC6600402079 /* QuestionManager.swift in Sources */,
				4DE4DE8C207CBED900CAFCF4 /* QuestionView.swift in Sources */,
				4D13DA3F207B94F500402079 /* Game.swift in Sources */,
			);
			runOnlyForDeploymentPostprocessing = 0;
		};
/* End PBXSourcesBuildPhase section */

/* Begin PBXVariantGroup section */
		4D13DA28207B6F3000402079 /* Main.storyboard */ = {
			isa = PBXVariantGroup;
			children = (
				4D13DA29207B6F3000402079 /* Base */,
			);
			name = Main.storyboard;
			sourceTree = "<group>";
		};
		4D13DA2D207B6F3200402079 /* LaunchScreen.storyboard */ = {
			isa = PBXVariantGroup;
			children = (
				4D13DA2E207B6F3200402079 /* Base */,
			);
			name = LaunchScreen.storyboard;
			sourceTree = "<group>";
		};
/* End PBXVariantGroup section */

/* Begin XCBuildConfiguration section */
		4D13DA31207B6F3200402079 /* Debug */ = {
			isa = XCBuildConfiguration;
			buildSettings = {
				ALWAYS_SEARCH_USER_PATHS = NO;
				CLANG_ANALYZER_NONNULL = YES;
				CLANG_ANALYZER_NUMBER_OBJECT_CONVERSION = YES_AGGRESSIVE;
				CLANG_CXX_LANGUAGE_STANDARD = "gnu++14";
				CLANG_CXX_LIBRARY = "libc++";
				CLANG_ENABLE_MODULES = YES;
				CLANG_ENABLE_OBJC_ARC = YES;
				CLANG_ENABLE_OBJC_WEAK = YES;
				CLANG_WARN_BLOCK_CAPTURE_AUTORELEASING = YES;
				CLANG_WARN_BOOL_CONVERSION = YES;
				CLANG_WARN_COMMA = YES;
				CLANG_WARN_CONSTANT_CONVERSION = YES;
				CLANG_WARN_DEPRECATED_OBJC_IMPLEMENTATIONS = YES;
				CLANG_WARN_DIRECT_OBJC_ISA_USAGE = YES_ERROR;
				CLANG_WARN_DOCUMENTATION_COMMENTS = YES;
				CLANG_WARN_EMPTY_BODY = YES;
				CLANG_WARN_ENUM_CONVERSION = YES;
				CLANG_WARN_INFINITE_RECURSION = YES;
				CLANG_WARN_INT_CONVERSION = YES;
				CLANG_WARN_NON_LITERAL_NULL_CONVERSION = YES;
				CLANG_WARN_OBJC_IMPLICIT_RETAIN_SELF = YES;
				CLANG_WARN_OBJC_LITERAL_CONVERSION = YES;
				CLANG_WARN_OBJC_ROOT_CLASS = YES_ERROR;
				CLANG_WARN_RANGE_LOOP_ANALYSIS = YES;
				CLANG_WARN_STRICT_PROTOTYPES = YES;
				CLANG_WARN_SUSPICIOUS_MOVE = YES;
				CLANG_WARN_UNGUARDED_AVAILABILITY = YES_AGGRESSIVE;
				CLANG_WARN_UNREACHABLE_CODE = YES;
				CLANG_WARN__DUPLICATE_METHOD_MATCH = YES;
				CODE_SIGN_IDENTITY = "iPhone Developer";
				COPY_PHASE_STRIP = NO;
				DEBUG_INFORMATION_FORMAT = dwarf;
				ENABLE_STRICT_OBJC_MSGSEND = YES;
				ENABLE_TESTABILITY = YES;
				GCC_C_LANGUAGE_STANDARD = gnu11;
				GCC_DYNAMIC_NO_PIC = NO;
				GCC_NO_COMMON_BLOCKS = YES;
				GCC_OPTIMIZATION_LEVEL = 0;
				GCC_PREPROCESSOR_DEFINITIONS = (
					"DEBUG=1",
					"$(inherited)",
				);
				GCC_WARN_64_TO_32_BIT_CONVERSION = YES;
				GCC_WARN_ABOUT_RETURN_TYPE = YES_ERROR;
				GCC_WARN_UNDECLARED_SELECTOR = YES;
				GCC_WARN_UNINITIALIZED_AUTOS = YES_AGGRESSIVE;
				GCC_WARN_UNUSED_FUNCTION = YES;
				GCC_WARN_UNUSED_VARIABLE = YES;
				IPHONEOS_DEPLOYMENT_TARGET = 11.3;
				MTL_ENABLE_DEBUG_INFO = YES;
				ONLY_ACTIVE_ARCH = YES;
				SDKROOT = iphoneos;
				SWIFT_ACTIVE_COMPILATION_CONDITIONS = DEBUG;
				SWIFT_OPTIMIZATION_LEVEL = "-Onone";
			};
			name = Debug;
		};
		4D13DA32207B6F3200402079 /* Release */ = {
			isa = XCBuildConfiguration;
			buildSettings = {
				ALWAYS_SEARCH_USER_PATHS = NO;
				CLANG_ANALYZER_NONNULL = YES;
				CLANG_ANALYZER_NUMBER_OBJECT_CONVERSION = YES_AGGRESSIVE;
				CLANG_CXX_LANGUAGE_STANDARD = "gnu++14";
				CLANG_CXX_LIBRARY = "libc++";
				CLANG_ENABLE_MODULES = YES;
				CLANG_ENABLE_OBJC_ARC = YES;
				CLANG_ENABLE_OBJC_WEAK = YES;
				CLANG_WARN_BLOCK_CAPTURE_AUTORELEASING = YES;
				CLANG_WARN_BOOL_CONVERSION = YES;
				CLANG_WARN_COMMA = YES;
				CLANG_WARN_CONSTANT_CONVERSION = YES;
				CLANG_WARN_DEPRECATED_OBJC_IMPLEMENTATIONS = YES;
				CLANG_WARN_DIRECT_OBJC_ISA_USAGE = YES_ERROR;
				CLANG_WARN_DOCUMENTATION_COMMENTS = YES;
				CLANG_WARN_EMPTY_BODY = YES;
				CLANG_WARN_ENUM_CONVERSION = YES;
				CLANG_WARN_INFINITE_RECURSION = YES;
				CLANG_WARN_INT_CONVERSION = YES;
				CLANG_WARN_NON_LITERAL_NULL_CONVERSION = YES;
				CLANG_WARN_OBJC_IMPLICIT_RETAIN_SELF = YES;
				CLANG_WARN_OBJC_LITERAL_CONVERSION = YES;
				CLANG_WARN_OBJC_ROOT_CLASS = YES_ERROR;
				CLANG_WARN_RANGE_LOOP_ANALYSIS = YES;
				CLANG_WARN_STRICT_PROTOTYPES = YES;
				CLANG_WARN_SUSPICIOUS_MOVE = YES;
				CLANG_WARN_UNGUARDED_AVAILABILITY = YES_AGGRESSIVE;
				CLANG_WARN_UNREACHABLE_CODE = YES;
				CLANG_WARN__DUPLICATE_METHOD_MATCH = YES;
				CODE_SIGN_IDENTITY = "iPhone Developer";
				COPY_PHASE_STRIP = NO;
				DEBUG_INFORMATION_FORMAT = "dwarf-with-dsym";
				ENABLE_NS_ASSERTIONS = NO;
				ENABLE_STRICT_OBJC_MSGSEND = YES;
				GCC_C_LANGUAGE_STANDARD = gnu11;
				GCC_NO_COMMON_BLOCKS = YES;
				GCC_WARN_64_TO_32_BIT_CONVERSION = YES;
				GCC_WARN_ABOUT_RETURN_TYPE = YES_ERROR;
				GCC_WARN_UNDECLARED_SELECTOR = YES;
				GCC_WARN_UNINITIALIZED_AUTOS = YES_AGGRESSIVE;
				GCC_WARN_UNUSED_FUNCTION = YES;
				GCC_WARN_UNUSED_VARIABLE = YES;
				IPHONEOS_DEPLOYMENT_TARGET = 11.3;
				MTL_ENABLE_DEBUG_INFO = NO;
				SDKROOT = iphoneos;
				SWIFT_COMPILATION_MODE = wholemodule;
				SWIFT_OPTIMIZATION_LEVEL = "-O";
				VALIDATE_PRODUCT = YES;
			};
			name = Release;
		};
		4D13DA34207B6F3200402079 /* Debug */ = {
			isa = XCBuildConfiguration;
			buildSettings = {
				ASSETCATALOG_COMPILER_APPICON_NAME = AppIcon;
				CODE_SIGN_STYLE = Automatic;
				DEVELOPMENT_TEAM = Q9VHCJ3UG6;
				INFOPLIST_FILE = OpenQuizz/Info.plist;
				LD_RUNPATH_SEARCH_PATHS = (
					"$(inherited)",
					"@executable_path/Frameworks",
				);
				PRODUCT_BUNDLE_IDENTIFIER = com.sebastien.sarrazin.OpenQuizz;
				PRODUCT_NAME = "$(TARGET_NAME)";
				SWIFT_VERSION = 4.0;
				TARGETED_DEVICE_FAMILY = "1,2";
			};
			name = Debug;
		};
		4D13DA35207B6F3200402079 /* Release */ = {
			isa = XCBuildConfiguration;
			buildSettings = {
				ASSETCATALOG_COMPILER_APPICON_NAME = AppIcon;
				CODE_SIGN_STYLE = Automatic;
				DEVELOPMENT_TEAM = Q9VHCJ3UG6;
				INFOPLIST_FILE = OpenQuizz/Info.plist;
				LD_RUNPATH_SEARCH_PATHS = (
					"$(inherited)",
					"@executable_path/Frameworks",
				);
				PRODUCT_BUNDLE_IDENTIFIER = com.sebastien.sarrazin.OpenQuizz;
				PRODUCT_NAME = "$(TARGET_NAME)";
				SWIFT_VERSION = 4.0;
				TARGETED_DEVICE_FAMILY = "1,2";
			};
			name = Release;
		};
/* End XCBuildConfiguration section */

/* Begin XCConfigurationList section */
		4D13DA1C207B6F3000402079 /* Build configuration list for PBXProject "OpenQuizz" */ = {
			isa = XCConfigurationList;
			buildConfigurations = (
				4D13DA31207B6F3200402079 /* Debug */,
				4D13DA32207B6F3200402079 /* Release */,
			);
			defaultConfigurationIsVisible = 0;
			defaultConfigurationName = Release;
		};
		4D13DA33207B6F3200402079 /* Build configuration list for PBXNativeTarget "OpenQuizz" */ = {
			isa = XCConfigurationList;
			buildConfigurations = (
				4D13DA34207B6F3200402079 /* Debug */,
				4D13DA35207B6F3200402079 /* Release */,
			);
			defaultConfigurationIsVisible = 0;
			defaultConfigurationName = Release;
		};
/* End XCConfigurationList section */
	};
	rootObject = 4D13DA19207B6F3000402079 /* Project object */;
}
